
Microsoft Visual Studio Solution File, Format Version 12.00
# Visual Studio Version 16
VisualStudioVersion = 16.0.30413.136
MinimumVisualStudioVersion = 10.0.40219.1
Project("{888888A0-9F3D-457C-B088-3A5042F75D52}") = "RegistratsiyaAvtorizatsiya", "RegistratsiyaAvtorizatsiya.pyproj", "{752C2D0D-B17D-48BC-ACB3-25D6D6A44599}"
EndProject
Global
	GlobalSection(SolutionConfigurationPlatforms) = preSolution
		Debug|Any CPU = Debug|Any CPU
		Release|Any CPU = Release|Any CPU
	EndGlobalSection
	GlobalSection(ProjectConfigurationPlatforms) = postSolution
		{752C2D0D-B17D-48BC-ACB3-25D6D6A44599}.Debug|Any CPU.ActiveCfg = Debug|Any CPU
		{752C2D0D-B17D-48BC-ACB3-25D6D6A44599}.Release|Any CPU.ActiveCfg = Release|Any CPU
	EndGlobalSection
	GlobalSection(SolutionProperties) = preSolution
		HideSolutionNode = FALSE
	EndGlobalSection
	GlobalSection(ExtensibilityGlobals) = postSolution
		SolutionGuid = {7C55DEFD-2FB0-41DF-8CDD-0DE8F394AD71}
	EndGlobalSection
EndGlobal
